
Microsoft Visual Studio Solution File, Format Version 12.00
# Visual Studio Version 17
VisualStudioVersion = 17.9.34728.123
MinimumVisualStudioVersion = 10.0.40219.1
Project("{FAE04EC0-301F-11D3-BF4B-00C04F79EFBC}") = "WebApi", "WebApi\WebApi.csproj", "{B589F30C-78D4-404F-A06D-4BA67DCDB373}"
EndProject
Project("{FAE04EC0-301F-11D3-BF4B-00C04F79EFBC}") = "DataAcces", "DataAcces\DataAcces.csproj", "{05E6C23A-F070-4886-8DD2-AEBE6A7FA9A0}"
EndProject
Project("{FAE04EC0-301F-11D3-BF4B-00C04F79EFBC}") = "Domain", "Domain\Domain.csproj", "{F56A70D0-2D3F-4A9E-ACC9-859DD9C74C2A}"
EndProject
Project("{FAE04EC0-301F-11D3-BF4B-00C04F79EFBC}") = "Services", "Services\Services.csproj", "{A1702FEB-AA66-4DA8-B4B5-67870399E50E}"
EndProject
Global
	GlobalSection(SolutionConfigurationPlatforms) = preSolution
		Debug|Any CPU = Debug|Any CPU
		Release|Any CPU = Release|Any CPU
	EndGlobalSection
	GlobalSection(ProjectConfigurationPlatforms) = postSolution
		{B589F30C-78D4-404F-A06D-4BA67DCDB373}.Debug|Any CPU.ActiveCfg = Debug|Any CPU
		{B589F30C-78D4-404F-A06D-4BA67DCDB373}.Debug|Any CPU.Build.0 = Debug|Any CPU
		{B589F30C-78D4-404F-A06D-4BA67DCDB373}.Release|Any CPU.ActiveCfg = Release|Any CPU
		{B589F30C-78D4-404F-A06D-4BA67DCDB373}.Release|Any CPU.Build.0 = Release|Any CPU
		{05E6C23A-F070-4886-8DD2-AEBE6A7FA9A0}.Debug|Any CPU.ActiveCfg = Debug|Any CPU
		{05E6C23A-F070-4886-8DD2-AEBE6A7FA9A0}.Debug|Any CPU.Build.0 = Debug|Any CPU
		{05E6C23A-F070-4886-8DD2-AEBE6A7FA9A0}.Release|Any CPU.ActiveCfg = Release|Any CPU
		{05E6C23A-F070-4886-8DD2-AEBE6A7FA9A0}.Release|Any CPU.Build.0 = Release|Any CPU
		{F56A70D0-2D3F-4A9E-ACC9-859DD9C74C2A}.Debug|Any CPU.ActiveCfg = Debug|Any CPU
		{F56A70D0-2D3F-4A9E-ACC9-859DD9C74C2A}.Debug|Any CPU.Build.0 = Debug|Any CPU
		{F56A70D0-2D3F-4A9E-ACC9-859DD9C74C2A}.Release|Any CPU.ActiveCfg = Release|Any CPU
		{F56A70D0-2D3F-4A9E-ACC9-859DD9C74C2A}.Release|Any CPU.Build.0 = Release|Any CPU
		{A1702FEB-AA66-4DA8-B4B5-67870399E50E}.Debug|Any CPU.ActiveCfg = Debug|Any CPU
		{A1702FEB-AA66-4DA8-B4B5-67870399E50E}.Debug|Any CPU.Build.0 = Debug|Any CPU
		{A1702FEB-AA66-4DA8-B4B5-67870399E50E}.Release|Any CPU.ActiveCfg = Release|Any CPU
		{A1702FEB-AA66-4DA8-B4B5-67870399E50E}.Release|Any CPU.Build.0 = Release|Any CPU
	EndGlobalSection
	GlobalSection(SolutionProperties) = preSolution
		HideSolutionNode = FALSE
	EndGlobalSection
	GlobalSection(ExtensibilityGlobals) = postSolution
		SolutionGuid = {9251E656-E074-43FF-9801-D96957F6A4DE}
	EndGlobalSection
EndGlobal
